// !$*UTF8*$!
{
	archiveVersion = 1;
	classes = {
	};
	objectVersion = 77;
	objects = {

/* Begin PBXContainerItemProxy section */
		02A199482CBD40220009257C /* PBXContainerItemProxy */ = {
			isa = PBXContainerItemProxy;
			containerPortal = 02A1992F2CBD40200009257C /* Project object */;
			proxyType = 1;
			remoteGlobalIDString = 02A199362CBD40200009257C;
			remoteInfo = "RSS Feed App";
		};
		02A199522CBD40220009257C /* PBXContainerItemProxy */ = {
			isa = PBXContainerItemProxy;
			containerPortal = 02A1992F2CBD40200009257C /* Project object */;
			proxyType = 1;
			remoteGlobalIDString = 02A199362CBD40200009257C;
			remoteInfo = "RSS Feed App";
		};
/* End PBXContainerItemProxy section */

/* Begin PBXFileReference section */
		02A199372CBD40200009257C /* RSS Feed App.app */ = {isa = PBXFileReference; explicitFileType = wrapper.application; includeInIndex = 0; path = "RSS Feed App.app"; sourceTree = BUILT_PRODUCTS_DIR; };
		02A199472CBD40220009257C /* RSS Feed AppTests.xctest */ = {isa = PBXFileReference; explicitFileType = wrapper.cfbundle; includeInIndex = 0; path = "RSS Feed AppTests.xctest"; sourceTree = BUILT_PRODUCTS_DIR; };
		02A199512CBD40220009257C /* RSS Feed AppUITests.xctest */ = {isa = PBXFileReference; explicitFileType = wrapper.cfbundle; includeInIndex = 0; path = "RSS Feed AppUITests.xctest"; sourceTree = BUILT_PRODUCTS_DIR; };
		02CDACB22CD8F58600DB2134 /* RSS Feed App.xctestplan */ = {isa = PBXFileReference; lastKnownFileType = text; path = "RSS Feed App.xctestplan"; sourceTree = "<group>"; };
/* End PBXFileReference section */

/* Begin PBXFileSystemSynchronizedRootGroup section */
		02A199392CBD40200009257C /* RSS Feed App */ = {
			isa = PBXFileSystemSynchronizedRootGroup;
			path = "RSS Feed App";
			sourceTree = "<group>";
		};
		02A1994A2CBD40220009257C /* RSS Feed AppTests */ = {
			isa = PBXFileSystemSynchronizedRootGroup;
			path = "RSS Feed AppTests";
			sourceTree = "<group>";
		};
		02A199542CBD40220009257C /* RSS Feed AppUITests */ = {
			isa = PBXFileSystemSynchronizedRootGroup;
			path = "RSS Feed AppUITests";
			sourceTree = "<group>";
		};
/* End PBXFileSystemSynchronizedRootGroup section */

/* Begin PBXFrameworksBuildPhase section */
		02A199342CBD40200009257C /* Frameworks */ = {
			isa = PBXFrameworksBuildPhase;
			buildActionMask = 2147483647;
			files = (
			);
			runOnlyForDeploymentPostprocessing = 0;
		};
		02A199442CBD40220009257C /* Frameworks */ = {
			isa = PBXFrameworksBuildPhase;
			buildActionMask = 2147483647;
			files = (
			);
			runOnlyForDeploymentPostprocessing = 0;
		};
		02A1994E2CBD40220009257C /* Frameworks */ = {
			isa = PBXFrameworksBuildPhase;
			buildActionMask = 2147483647;
			files = (
			);
			runOnlyForDeploymentPostprocessing = 0;
		};
/* End PBXFrameworksBuildPhase section */

/* Begin PBXGroup section */
		02A1992E2CBD40200009257C = {
			isa = PBXGroup;
			children = (
				02CDACB22CD8F58600DB2134 /* RSS Feed App.xctestplan */,
				02A199392CBD40200009257C /* RSS Feed App */,
				02A1994A2CBD40220009257C /* RSS Feed AppTests */,
				02A199542CBD40220009257C /* RSS Feed AppUITests */,
				02A199382CBD40200009257C /* Products */,
			);
			sourceTree = "<group>";
		};
		02A199382CBD40200009257C /* Products */ = {
			isa = PBXGroup;
			children = (
				02A199372CBD40200009257C /* RSS Feed App.app */,
				02A199472CBD40220009257C /* RSS Feed AppTests.xctest */,
				02A199512CBD40220009257C /* RSS Feed AppUITests.xctest */,
			);
			name = Products;
			sourceTree = "<group>";
		};
/* End PBXGroup section */

/* Begin PBXNativeTarget section */
		02A199362CBD40200009257C /* RSS Feed App */ = {
			isa = PBXNativeTarget;
			buildConfigurationList = 02A1995B2CBD40220009257C /* Build configuration list for PBXNativeTarget "RSS Feed App" */;
			buildPhases = (
				02A199332CBD40200009257C /* Sources */,
				02A199342CBD40200009257C /* Frameworks */,
				02A199352CBD40200009257C /* Resources */,
			);
			buildRules = (
			);
			dependencies = (
			);
			fileSystemSynchronizedGroups = (
				02A199392CBD40200009257C /* RSS Feed App */,
			);
			name = "RSS Feed App";
			packageProductDependencies = (
			);
			productName = "RSS Feed App";
			productReference = 02A199372CBD40200009257C /* RSS Feed App.app */;
			productType = "com.apple.product-type.application";
		};
		02A199462CBD40220009257C /* RSS Feed AppTests */ = {
			isa = PBXNativeTarget;
			buildConfigurationList = 02A1995E2CBD40220009257C /* Build configuration list for PBXNativeTarget "RSS Feed AppTests" */;
			buildPhases = (
				02A199432CBD40220009257C /* Sources */,
				02A199442CBD40220009257C /* Frameworks */,
				02A199452CBD40220009257C /* Resources */,
			);
			buildRules = (
			);
			dependencies = (
				02A199492CBD40220009257C /* PBXTargetDependency */,
			);
			fileSystemSynchronizedGroups = (
				02A1994A2CBD40220009257C /* RSS Feed AppTests */,
			);
			name = "RSS Feed AppTests";
			packageProductDependencies = (
			);
			productName = "RSS Feed AppTests";
			productReference = 02A199472CBD40220009257C /* RSS Feed AppTests.xctest */;
			productType = "com.apple.product-type.bundle.unit-test";
		};
		02A199502CBD40220009257C /* RSS Feed AppUITests */ = {
			isa = PBXNativeTarget;
			buildConfigurationList = 02A199612CBD40220009257C /* Build configuration list for PBXNativeTarget "RSS Feed AppUITests" */;
			buildPhases = (
				02A1994D2CBD40220009257C /* Sources */,
				02A1994E2CBD40220009257C /* Frameworks */,
				02A1994F2CBD40220009257C /* Resources */,
			);
			buildRules = (
			);
			dependencies = (
				02A199532CBD40220009257C /* PBXTargetDependency */,
			);
			fileSystemSynchronizedGroups = (
				02A199542CBD40220009257C /* RSS Feed AppUITests */,
			);
			name = "RSS Feed AppUITests";
			packageProductDependencies = (
			);
			productName = "RSS Feed AppUITests";
			productReference = 02A199512CBD40220009257C /* RSS Feed AppUITests.xctest */;
			productType = "com.apple.product-type.bundle.ui-testing";
		};
/* End PBXNativeTarget section */

/* Begin PBXProject section */
		02A1992F2CBD40200009257C /* Project object */ = {
			isa = PBXProject;
			attributes = {
				BuildIndependentTargetsInParallel = 1;
				LastSwiftUpdateCheck = 1600;
				LastUpgradeCheck = 1600;
				TargetAttributes = {
					02A199362CBD40200009257C = {
						CreatedOnToolsVersion = 16.0;
					};
					02A199462CBD40220009257C = {
						CreatedOnToolsVersion = 16.0;
						TestTargetID = 02A199362CBD40200009257C;
					};
					02A199502CBD40220009257C = {
						CreatedOnToolsVersion = 16.0;
						TestTargetID = 02A199362CBD40200009257C;
					};
				};
			};
			buildConfigurationList = 02A199322CBD40200009257C /* Build configuration list for PBXProject "RSS Feed App" */;
			developmentRegion = en;
			hasScannedForEncodings = 0;
			knownRegions = (
				en,
				Base,
			);
			mainGroup = 02A1992E2CBD40200009257C;
			minimizedProjectReferenceProxies = 1;
			preferredProjectObjectVersion = 77;
			productRefGroup = 02A199382CBD40200009257C /* Products */;
			projectDirPath = "";
			projectRoot = "";
			targets = (
				02A199362CBD40200009257C /* RSS Feed App */,
				02A199462CBD40220009257C /* RSS Feed AppTests */,
				02A199502CBD40220009257C /* RSS Feed AppUITests */,
			);
		};
/* End PBXProject section */

/* Begin PBXResourcesBuildPhase section */
		02A199352CBD40200009257C /* Resources */ = {
			isa = PBXResourcesBuildPhase;
			buildActionMask = 2147483647;
			files = (
			);
			runOnlyForDeploymentPostprocessing = 0;
		};
		02A199452CBD40220009257C /* Resources */ = {
			isa = PBXResourcesBuildPhase;
			buildActionMask = 2147483647;
			files = (
			);
			runOnlyForDeploymentPostprocessing = 0;
		};
		02A1994F2CBD40220009257C /* Resources */ = {
			isa = PBXResourcesBuildPhase;
			buildActionMask = 2147483647;
			files = (
			);
			runOnlyForDeploymentPostprocessing = 0;
		};
/* End PBXResourcesBuildPhase section */

/* Begin PBXSourcesBuildPhase section */
		02A199332CBD40200009257C /* Sources */ = {
			isa = PBXSourcesBuildPhase;
			buildActionMask = 2147483647;
			files = (
			);
			runOnlyForDeploymentPostprocessing = 0;
		};
		02A199432CBD40220009257C /* Sources */ = {
			isa = PBXSourcesBuildPhase;
			buildActionMask = 2147483647;
			files = (
			);
			runOnlyForDeploymentPostprocessing = 0;
		};
		02A1994D2CBD40220009257C /* Sources */ = {
			isa = PBXSourcesBuildPhase;
			buildActionMask = 2147483647;
			files = (
			);
			runOnlyForDeploymentPostprocessing = 0;
		};
/* End PBXSourcesBuildPhase section */

/* Begin PBXTargetDependency section */
		02A199492CBD40220009257C /* PBXTargetDependency */ = {
			isa = PBXTargetDependency;
			target = 02A199362CBD40200009257C /* RSS Feed App */;
			targetProxy = 02A199482CBD40220009257C /* PBXContainerItemProxy */;
		};
		02A199532CBD40220009257C /* PBXTargetDependency */ = {
			isa = PBXTargetDependency;
			target = 02A199362CBD40200009257C /* RSS Feed App */;
			targetProxy = 02A199522CBD40220009257C /* PBXContainerItemProxy */;
		};
/* End PBXTargetDependency section */

/* Begin XCBuildConfiguration section */
		02A199592CBD40220009257C /* Debug */ = {
			isa = XCBuildConfiguration;
			buildSettings = {
				ALWAYS_SEARCH_USER_PATHS = NO;
				ASSETCATALOG_COMPILER_GENERATE_SWIFT_ASSET_SYMBOL_EXTENSIONS = YES;
				CLANG_ANALYZER_NONNULL = YES;
				CLANG_ANALYZER_NUMBER_OBJECT_CONVERSION = YES_AGGRESSIVE;
				CLANG_CXX_LANGUAGE_STANDARD = "gnu++20";
				CLANG_ENABLE_MODULES = YES;
				CLANG_ENABLE_OBJC_ARC = YES;
				CLANG_ENABLE_OBJC_WEAK = YES;
				CLANG_WARN_BLOCK_CAPTURE_AUTORELEASING = YES;
				CLANG_WARN_BOOL_CONVERSION = YES;
				CLANG_WARN_COMMA = YES;
				CLANG_WARN_CONSTANT_CONVERSION = YES;
				CLANG_WARN_DEPRECATED_OBJC_IMPLEMENTATIONS = YES;
				CLANG_WARN_DIRECT_OBJC_ISA_USAGE = YES_ERROR;
				CLANG_WARN_DOCUMENTATION_COMMENTS = YES;
				CLANG_WARN_EMPTY_BODY = YES;
				CLANG_WARN_ENUM_CONVERSION = YES;
				CLANG_WARN_INFINITE_RECURSION = YES;
				CLANG_WARN_INT_CONVERSION = YES;
				CLANG_WARN_NON_LITERAL_NULL_CONVERSION = YES;
				CLANG_WARN_OBJC_IMPLICIT_RETAIN_SELF = YES;
				CLANG_WARN_OBJC_LITERAL_CONVERSION = YES;
				CLANG_WARN_OBJC_ROOT_CLASS = YES_ERROR;
				CLANG_WARN_QUOTED_INCLUDE_IN_FRAMEWORK_HEADER = YES;
				CLANG_WARN_RANGE_LOOP_ANALYSIS = YES;
				CLANG_WARN_STRICT_PROTOTYPES = YES;
				CLANG_WARN_SUSPICIOUS_MOVE = YES;
				CLANG_WARN_UNGUARDED_AVAILABILITY = YES_AGGRESSIVE;
				CLANG_WARN_UNREACHABLE_CODE = YES;
				CLANG_WARN__DUPLICATE_METHOD_MATCH = YES;
				COPY_PHASE_STRIP = NO;
				DEBUG_INFORMATION_FORMAT = dwarf;
				ENABLE_STRICT_OBJC_MSGSEND = YES;
				ENABLE_TESTABILITY = YES;
				ENABLE_USER_SCRIPT_SANDBOXING = YES;
				GCC_C_LANGUAGE_STANDARD = gnu17;
				GCC_DYNAMIC_NO_PIC = NO;
				GCC_NO_COMMON_BLOCKS = YES;
				GCC_OPTIMIZATION_LEVEL = 0;
				GCC_PREPROCESSOR_DEFINITIONS = (
					"DEBUG=1",
					"$(inherited)",
				);
				GCC_WARN_64_TO_32_BIT_CONVERSION = YES;
				GCC_WARN_ABOUT_RETURN_TYPE = YES_ERROR;
				GCC_WARN_UNDECLARED_SELECTOR = YES;
				GCC_WARN_UNINITIALIZED_AUTOS = YES_AGGRESSIVE;
				GCC_WARN_UNUSED_FUNCTION = YES;
				GCC_WARN_UNUSED_VARIABLE = YES;
				IPHONEOS_DEPLOYMENT_TARGET = 18.0;
				LOCALIZATION_PREFERS_STRING_CATALOGS = YES;
				MTL_ENABLE_DEBUG_INFO = INCLUDE_SOURCE;
				MTL_FAST_MATH = YES;
				ONLY_ACTIVE_ARCH = YES;
				SDKROOT = iphoneos;
				SWIFT_ACTIVE_COMPILATION_CONDITIONS = "DEBUG $(inherited)";
				SWIFT_OPTIMIZATION_LEVEL = "-Onone";
			};
			name = Debug;
		};
		02A1995A2CBD40220009257C /* Release */ = {
			isa = XCBuildConfiguration;
			buildSettings = {
				ALWAYS_SEARCH_USER_PATHS = NO;
				ASSETCATALOG_COMPILER_GENERATE_SWIFT_ASSET_SYMBOL_EXTENSIONS = YES;
				CLANG_ANALYZER_NONNULL = YES;
				CLANG_ANALYZER_NUMBER_OBJECT_CONVERSION = YES_AGGRESSIVE;
				CLANG_CXX_LANGUAGE_STANDARD = "gnu++20";
				CLANG_ENABLE_MODULES = YES;
				CLANG_ENABLE_OBJC_ARC = YES;
				CLANG_ENABLE_OBJC_WEAK = YES;
				CLANG_WARN_BLOCK_CAPTURE_AUTORELEASING = YES;
				CLANG_WARN_BOOL_CONVERSION = YES;
				CLANG_WARN_COMMA = YES;
				CLANG_WARN_CONSTANT_CONVERSION = YES;
				CLANG_WARN_DEPRECATED_OBJC_IMPLEMENTATIONS = YES;
				CLANG_WARN_DIRECT_OBJC_ISA_USAGE = YES_ERROR;
				CLANG_WARN_DOCUMENTATION_COMMENTS = YES;
				CLANG_WARN_EMPTY_BODY = YES;
				CLANG_WARN_ENUM_CONVERSION = YES;
				CLANG_WARN_INFINITE_RECURSION = YES;
				CLANG_WARN_INT_CONVERSION = YES;
				CLANG_WARN_NON_LITERAL_NULL_CONVERSION = YES;
				CLANG_WARN_OBJC_IMPLICIT_RETAIN_SELF = YES;
				CLANG_WARN_OBJC_LITERAL_CONVERSION = YES;
				CLANG_WARN_OBJC_ROOT_CLASS = YES_ERROR;
				CLANG_WARN_QUOTED_INCLUDE_IN_FRAMEWORK_HEADER = YES;
				CLANG_WARN_RANGE_LOOP_ANALYSIS = YES;
				CLANG_WARN_STRICT_PROTOTYPES = YES;
				CLANG_WARN_SUSPICIOUS_MOVE = YES;
				CLANG_WARN_UNGUARDED_AVAILABILITY = YES_AGGRESSIVE;
				CLANG_WARN_UNREACHABLE_CODE = YES;
				CLANG_WARN__DUPLICATE_METHOD_MATCH = YES;
				COPY_PHASE_STRIP = NO;
				DEBUG_INFORMATION_FORMAT = "dwarf-with-dsym";
				ENABLE_NS_ASSERTIONS = NO;
				ENABLE_STRICT_OBJC_MSGSEND = YES;
				ENABLE_USER_SCRIPT_SANDBOXING = YES;
				GCC_C_LANGUAGE_STANDARD = gnu17;
				GCC_NO_COMMON_BLOCKS = YES;
				GCC_WARN_64_TO_32_BIT_CONVERSION = YES;
				GCC_WARN_ABOUT_RETURN_TYPE = YES_ERROR;
				GCC_WARN_UNDECLARED_SELECTOR = YES;
				GCC_WARN_UNINITIALIZED_AUTOS = YES_AGGRESSIVE;
				GCC_WARN_UNUSED_FUNCTION = YES;
				GCC_WARN_UNUSED_VARIABLE = YES;
				IPHONEOS_DEPLOYMENT_TARGET = 18.0;
				LOCALIZATION_PREFERS_STRING_CATALOGS = YES;
				MTL_ENABLE_DEBUG_INFO = NO;
				MTL_FAST_MATH = YES;
				SDKROOT = iphoneos;
				SWIFT_COMPILATION_MODE = wholemodule;
				VALIDATE_PRODUCT = YES;
			};
			name = Release;
		};
		02A1995C2CBD40220009257C /* Debug */ = {
			isa = XCBuildConfiguration;
			buildSettings = {
				ASSETCATALOG_COMPILER_APPICON_NAME = AppIcon;
				ASSETCATALOG_COMPILER_GLOBAL_ACCENT_COLOR_NAME = AccentColor;
				CODE_SIGN_IDENTITY = "Apple Development";
				CODE_SIGN_STYLE = Automatic;
				CURRENT_PROJECT_VERSION = 1;
				DEVELOPMENT_ASSET_PATHS = "\"RSS Feed App/Preview Content\"";
				DEVELOPMENT_TEAM = 7TCX3CZY7R;
				ENABLE_PREVIEWS = YES;
				GENERATE_INFOPLIST_FILE = YES;
				INFOPLIST_FILE = "RSS-Feed-App-Info.plist";
				INFOPLIST_KEY_UIApplicationSceneManifest_Generation = YES;
				INFOPLIST_KEY_UIApplicationSupportsIndirectInputEvents = YES;
				INFOPLIST_KEY_UILaunchScreen_Generation = YES;
				INFOPLIST_KEY_UISupportedInterfaceOrientations_iPad = "UIInterfaceOrientationPortrait UIInterfaceOrientationPortraitUpsideDown UIInterfaceOrientationLandscapeLeft UIInterfaceOrientationLandscapeRight";
				INFOPLIST_KEY_UISupportedInterfaceOrientations_iPhone = "UIInterfaceOrientationPortrait UIInterfaceOrientationLandscapeLeft UIInterfaceOrientationLandscapeRight";
				LD_RUNPATH_SEARCH_PATHS = (
					"$(inherited)",
					"@executable_path/Frameworks",
				);
				MARKETING_VERSION = 1.0;
				PRODUCT_BUNDLE_IDENTIFIER = "com.natkobiscan.RSS-Feed-App";
				PRODUCT_NAME = "$(TARGET_NAME)";
				PROVISIONING_PROFILE_SPECIFIER = "";
				SWIFT_EMIT_LOC_STRINGS = YES;
				SWIFT_VERSION = 5.0;
				TARGETED_DEVICE_FAMILY = "1,2";
			};
			name = Debug;
		};
		02A1995D2CBD40220009257C /* Release */ = {
			isa = XCBuildConfiguration;
			buildSettings = {
				ASSETCATALOG_COMPILER_APPICON_NAME = AppIcon;
				ASSETCATALOG_COMPILER_GLOBAL_ACCENT_COLOR_NAME = AccentColor;
				CODE_SIGN_IDENTITY = "Apple Development";
				CODE_SIGN_STYLE = Automatic;
				CURRENT_PROJECT_VERSION = 1;
				DEVELOPMENT_ASSET_PATHS = "\"RSS Feed App/Preview Content\"";
				DEVELOPMENT_TEAM = 7TCX3CZY7R;
				ENABLE_PREVIEWS = YES;
				GENERATE_INFOPLIST_FILE = YES;
				INFOPLIST_FILE = "RSS-Feed-App-Info.plist";
				INFOPLIST_KEY_UIApplicationSceneManifest_Generation = YES;
				INFOPLIST_KEY_UIApplicationSupportsIndirectInputEvents = YES;
				INFOPLIST_KEY_UILaunchScreen_Generation = YES;
				INFOPLIST_KEY_UISupportedInterfaceOrientations_iPad = "UIInterfaceOrientationPortrait UIInterfaceOrientationPortraitUpsideDown UIInterfaceOrientationLandscapeLeft UIInterfaceOrientationLandscapeRight";
				INFOPLIST_KEY_UISupportedInterfaceOrientations_iPhone = "UIInterfaceOrientationPortrait UIInterfaceOrientationLandscapeLeft UIInterfaceOrientationLandscapeRight";
				LD_RUNPATH_SEARCH_PATHS = (
					"$(inherited)",
					"@executable_path/Frameworks",
				);
				MARKETING_VERSION = 1.0;
				PRODUCT_BUNDLE_IDENTIFIER = "com.natkobiscan.RSS-Feed-App";
				PRODUCT_NAME = "$(TARGET_NAME)";
				PROVISIONING_PROFILE_SPECIFIER = "";
				SWIFT_EMIT_LOC_STRINGS = YES;
				SWIFT_VERSION = 5.0;
				TARGETED_DEVICE_FAMILY = "1,2";
			};
			name = Release;
		};
		02A1995F2CBD40220009257C /* Debug */ = {
			isa = XCBuildConfiguration;
			buildSettings = {
				BUNDLE_LOADER = "$(TEST_HOST)";
				CODE_SIGN_STYLE = Automatic;
				CURRENT_PROJECT_VERSION = 1;
				DEVELOPMENT_TEAM = 7TCX3CZY7R;
				GENERATE_INFOPLIST_FILE = YES;
				IPHONEOS_DEPLOYMENT_TARGET = 18.0;
				MARKETING_VERSION = 1.0;
				PRODUCT_BUNDLE_IDENTIFIER = "com.natkobiscan.RSS-Feed-AppTests";
				PRODUCT_NAME = "$(TARGET_NAME)";
				SWIFT_EMIT_LOC_STRINGS = NO;
				SWIFT_VERSION = 5.0;
				TARGETED_DEVICE_FAMILY = "1,2";
				TEST_HOST = "$(BUILT_PRODUCTS_DIR)/RSS Feed App.app/$(BUNDLE_EXECUTABLE_FOLDER_PATH)/RSS Feed App";
			};
			name = Debug;
		};
		02A199602CBD40220009257C /* Release */ = {
			isa = XCBuildConfiguration;
			buildSettings = {
				BUNDLE_LOADER = "$(TEST_HOST)";
				CODE_SIGN_STYLE = Automatic;
				CURRENT_PROJECT_VERSION = 1;
				DEVELOPMENT_TEAM = 7TCX3CZY7R;
				GENERATE_INFOPLIST_FILE = YES;
				IPHONEOS_DEPLOYMENT_TARGET = 18.0;
				MARKETING_VERSION = 1.0;
				PRODUCT_BUNDLE_IDENTIFIER = "com.natkobiscan.RSS-Feed-AppTests";
				PRODUCT_NAME = "$(TARGET_NAME)";
				SWIFT_EMIT_LOC_STRINGS = NO;
				SWIFT_VERSION = 5.0;
				TARGETED_DEVICE_FAMILY = "1,2";
				TEST_HOST = "$(BUILT_PRODUCTS_DIR)/RSS Feed App.app/$(BUNDLE_EXECUTABLE_FOLDER_PATH)/RSS Feed App";
			};
			name = Release;
		};
		02A199622CBD40220009257C /* Debug */ = {
			isa = XCBuildConfiguration;
			buildSettings = {
				CODE_SIGN_STYLE = Automatic;
				CURRENT_PROJECT_VERSION = 1;
				DEVELOPMENT_TEAM = 7TCX3CZY7R;
				GENERATE_INFOPLIST_FILE = YES;
				MARKETING_VERSION = 1.0;
				PRODUCT_BUNDLE_IDENTIFIER = "com.natkobiscan.RSS-Feed-AppUITests";
				PRODUCT_NAME = "$(TARGET_NAME)";
				SWIFT_EMIT_LOC_STRINGS = NO;
				SWIFT_VERSION = 5.0;
				TARGETED_DEVICE_FAMILY = "1,2";
				TEST_TARGET_NAME = "RSS Feed App";
			};
			name = Debug;
		};
		02A199632CBD40220009257C /* Release */ = {
			isa = XCBuildConfiguration;
			buildSettings = {
				CODE_SIGN_STYLE = Automatic;
				CURRENT_PROJECT_VERSION = 1;
				DEVELOPMENT_TEAM = 7TCX3CZY7R;
				GENERATE_INFOPLIST_FILE = YES;
				MARKETING_VERSION = 1.0;
				PRODUCT_BUNDLE_IDENTIFIER = "com.natkobiscan.RSS-Feed-AppUITests";
				PRODUCT_NAME = "$(TARGET_NAME)";
				SWIFT_EMIT_LOC_STRINGS = NO;
				SWIFT_VERSION = 5.0;
				TARGETED_DEVICE_FAMILY = "1,2";
				TEST_TARGET_NAME = "RSS Feed App";
			};
			name = Release;
		};
/* End XCBuildConfiguration section */

/* Begin XCConfigurationList section */
		02A199322CBD40200009257C /* Build configuration list for PBXProject "RSS Feed App" */ = {
			isa = XCConfigurationList;
			buildConfigurations = (
				02A199592CBD40220009257C /* Debug */,
				02A1995A2CBD40220009257C /* Release */,
			);
			defaultConfigurationIsVisible = 0;
			defaultConfigurationName = Release;
		};
		02A1995B2CBD40220009257C /* Build configuration list for PBXNativeTarget "RSS Feed App" */ = {
			isa = XCConfigurationList;
			buildConfigurations = (
				02A1995C2CBD40220009257C /* Debug */,
				02A1995D2CBD40220009257C /* Release */,
			);
			defaultConfigurationIsVisible = 0;
			defaultConfigurationName = Release;
		};
		02A1995E2CBD40220009257C /* Build configuration list for PBXNativeTarget "RSS Feed AppTests" */ = {
			isa = XCConfigurationList;
			buildConfigurations = (
				02A1995F2CBD40220009257C /* Debug */,
				02A199602CBD40220009257C /* Release */,
			);
			defaultConfigurationIsVisible = 0;
			defaultConfigurationName = Release;
		};
		02A199612CBD40220009257C /* Build configuration list for PBXNativeTarget "RSS Feed AppUITests" */ = {
			isa = XCConfigurationList;
			buildConfigurations = (
				02A199622CBD40220009257C /* Debug */,
				02A199632CBD40220009257C /* Release */,
			);
			defaultConfigurationIsVisible = 0;
			defaultConfigurationName = Release;
		};
/* End XCConfigurationList section */
	};
	rootObject = 02A1992F2CBD40200009257C /* Project object */;
}
